
Microsoft Visual Studio Solution File, Format Version 12.00
# Visual Studio Version 17
VisualStudioVersion = 17.0.32014.148
MinimumVisualStudioVersion = 10.0.40219.1
Project("{9A19103F-16F7-4668-BE54-9A1E7A4F7556}") = "TesteCQRS", "TesteCQRS\TesteCQRS.csproj", "{295E7DDB-8DDE-49D1-9C26-B563C2979FCB}"
EndProject
Project("{9A19103F-16F7-4668-BE54-9A1E7A4F7556}") = "TesteCQRS.Application", "TesteCQRS.Application\TesteCQRS.Application.csproj", "{5156A9C7-8CC6-4660-8EBF-A46A012C9A46}"
EndProject
Project("{9A19103F-16F7-4668-BE54-9A1E7A4F7556}") = "TesteCQRS.Shared", "TesteCQRS.Shared\TesteCQRS.Shared.csproj", "{6281CAA0-33C3-4C3C-92E2-2B1881E7874C}"
EndProject
Project("{E53339B2-1760-4266-BCC7-CA923CBCF16C}") = "docker-compose", "docker-compose.dcproj", "{070D7BB9-1E70-42D6-8054-5BDA7CA0F988}"
EndProject
Global
	GlobalSection(SolutionConfigurationPlatforms) = preSolution
		Debug|Any CPU = Debug|Any CPU
		Release|Any CPU = Release|Any CPU
	EndGlobalSection
	GlobalSection(ProjectConfigurationPlatforms) = postSolution
		{295E7DDB-8DDE-49D1-9C26-B563C2979FCB}.Debug|Any CPU.ActiveCfg = Debug|Any CPU
		{295E7DDB-8DDE-49D1-9C26-B563C2979FCB}.Debug|Any CPU.Build.0 = Debug|Any CPU
		{295E7DDB-8DDE-49D1-9C26-B563C2979FCB}.Release|Any CPU.ActiveCfg = Release|Any CPU
		{295E7DDB-8DDE-49D1-9C26-B563C2979FCB}.Release|Any CPU.Build.0 = Release|Any CPU
		{5156A9C7-8CC6-4660-8EBF-A46A012C9A46}.Debug|Any CPU.ActiveCfg = Debug|Any CPU
		{5156A9C7-8CC6-4660-8EBF-A46A012C9A46}.Debug|Any CPU.Build.0 = Debug|Any CPU
		{5156A9C7-8CC6-4660-8EBF-A46A012C9A46}.Release|Any CPU.ActiveCfg = Release|Any CPU
		{5156A9C7-8CC6-4660-8EBF-A46A012C9A46}.Release|Any CPU.Build.0 = Release|Any CPU
		{6281CAA0-33C3-4C3C-92E2-2B1881E7874C}.Debug|Any CPU.ActiveCfg = Debug|Any CPU
		{6281CAA0-33C3-4C3C-92E2-2B1881E7874C}.Debug|Any CPU.Build.0 = Debug|Any CPU
		{6281CAA0-33C3-4C3C-92E2-2B1881E7874C}.Release|Any CPU.ActiveCfg = Release|Any CPU
		{6281CAA0-33C3-4C3C-92E2-2B1881E7874C}.Release|Any CPU.Build.0 = Release|Any CPU
		{070D7BB9-1E70-42D6-8054-5BDA7CA0F988}.Debug|Any CPU.ActiveCfg = Debug|Any CPU
		{070D7BB9-1E70-42D6-8054-5BDA7CA0F988}.Debug|Any CPU.Build.0 = Debug|Any CPU
		{070D7BB9-1E70-42D6-8054-5BDA7CA0F988}.Release|Any CPU.ActiveCfg = Release|Any CPU
		{070D7BB9-1E70-42D6-8054-5BDA7CA0F988}.Release|Any CPU.Build.0 = Release|Any CPU
	EndGlobalSection
	GlobalSection(SolutionProperties) = preSolution
		HideSolutionNode = FALSE
	EndGlobalSection
	GlobalSection(ExtensibilityGlobals) = postSolution
		SolutionGuid = {71FA4B6E-F4CB-4784-8580-BA3A091F3B2E}
	EndGlobalSection
EndGlobal
