
Microsoft Visual Studio Solution File, Format Version 12.00
# Visual Studio Version 17
VisualStudioVersion = 17.0.32014.148
MinimumVisualStudioVersion = 10.0.40219.1
Project("{9A19103F-16F7-4668-BE54-9A1E7A4F7556}") = "TesteCQRS", "TesteCQRS\TesteCQRS.csproj", "{295E7DDB-8DDE-49D1-9C26-B563C2979FCB}"
EndProject
Project("{9A19103F-16F7-4668-BE54-9A1E7A4F7556}") = "TesteCQRS.Application", "TesteCQRS.Application\TesteCQRS.Application.csproj", "{5156A9C7-8CC6-4660-8EBF-A46A012C9A46}"
EndProject
Project("{9A19103F-16F7-4668-BE54-9A1E7A4F7556}") = "TesteCQRS.Shared", "TesteCQRS.Shared\TesteCQRS.Shared.csproj", "{6281CAA0-33C3-4C3C-92E2-2B1881E7874C}"
EndProject
Project("{E53339B2-1760-4266-BCC7-CA923CBCF16C}") = "docker-compose", "docker-compose.dcproj", "{070D7BB9-1E70-42D6-8054-5BDA7CA0F988}"
EndProject
Project("{2150E333-8FDC-42A3-9474-1A3956D46DE8}") = "Apis", "Apis", "{E6288DE1-D3ED-4354-8D18-2D1E4358FC4E}"
EndProject
Project("{2150E333-8FDC-42A3-9474-1A3956D46DE8}") = "Setup", "Setup", "{C5ED5755-EBE5-4F8F-80B8-8F2315A2506E}"
EndProject
Project("{2150E333-8FDC-42A3-9474-1A3956D46DE8}") = "Customers", "Customers", "{2EF6D783-3EC5-4323-BCA7-7F63F54EC9C9}"
EndProject
Project("{2150E333-8FDC-42A3-9474-1A3956D46DE8}") = "Shared", "Shared", "{A5A3F71B-F675-45BA-BD1E-1C6DF0585CD6}"
EndProject
Project("{2150E333-8FDC-42A3-9474-1A3956D46DE8}") = "Workers", "Workers", "{D6241457-E216-49F6-BE1B-A06D3D7D2F8B}"
EndProject
Project("{9A19103F-16F7-4668-BE54-9A1E7A4F7556}") = "CustomerCreateCommandWorker", "CustomerCreateCommandWorker\CustomerCreateCommandWorker.csproj", "{E21022C2-3D8A-4D00-AD61-0C3BC1EC51FD}"
EndProject
Project("{9A19103F-16F7-4668-BE54-9A1E7A4F7556}") = "TesteCQRS.MessageBroker", "TesteCQRS.MessageBroker\TesteCQRS.MessageBroker.csproj", "{E427C684-C0F5-4D7E-BD9A-D5B4076E195D}"
EndProject
Global
	GlobalSection(SolutionConfigurationPlatforms) = preSolution
		Debug|Any CPU = Debug|Any CPU
		Release|Any CPU = Release|Any CPU
	EndGlobalSection
	GlobalSection(ProjectConfigurationPlatforms) = postSolution
		{295E7DDB-8DDE-49D1-9C26-B563C2979FCB}.Debug|Any CPU.ActiveCfg = Debug|Any CPU
		{295E7DDB-8DDE-49D1-9C26-B563C2979FCB}.Debug|Any CPU.Build.0 = Debug|Any CPU
		{295E7DDB-8DDE-49D1-9C26-B563C2979FCB}.Release|Any CPU.ActiveCfg = Release|Any CPU
		{295E7DDB-8DDE-49D1-9C26-B563C2979FCB}.Release|Any CPU.Build.0 = Release|Any CPU
		{5156A9C7-8CC6-4660-8EBF-A46A012C9A46}.Debug|Any CPU.ActiveCfg = Debug|Any CPU
		{5156A9C7-8CC6-4660-8EBF-A46A012C9A46}.Debug|Any CPU.Build.0 = Debug|Any CPU
		{5156A9C7-8CC6-4660-8EBF-A46A012C9A46}.Release|Any CPU.ActiveCfg = Release|Any CPU
		{5156A9C7-8CC6-4660-8EBF-A46A012C9A46}.Release|Any CPU.Build.0 = Release|Any CPU
		{6281CAA0-33C3-4C3C-92E2-2B1881E7874C}.Debug|Any CPU.ActiveCfg = Debug|Any CPU
		{6281CAA0-33C3-4C3C-92E2-2B1881E7874C}.Debug|Any CPU.Build.0 = Debug|Any CPU
		{6281CAA0-33C3-4C3C-92E2-2B1881E7874C}.Release|Any CPU.ActiveCfg = Release|Any CPU
		{6281CAA0-33C3-4C3C-92E2-2B1881E7874C}.Release|Any CPU.Build.0 = Release|Any CPU
		{070D7BB9-1E70-42D6-8054-5BDA7CA0F988}.Debug|Any CPU.ActiveCfg = Debug|Any CPU
		{070D7BB9-1E70-42D6-8054-5BDA7CA0F988}.Debug|Any CPU.Build.0 = Debug|Any CPU
		{070D7BB9-1E70-42D6-8054-5BDA7CA0F988}.Release|Any CPU.ActiveCfg = Release|Any CPU
		{070D7BB9-1E70-42D6-8054-5BDA7CA0F988}.Release|Any CPU.Build.0 = Release|Any CPU
		{E21022C2-3D8A-4D00-AD61-0C3BC1EC51FD}.Debug|Any CPU.ActiveCfg = Debug|Any CPU
		{E21022C2-3D8A-4D00-AD61-0C3BC1EC51FD}.Debug|Any CPU.Build.0 = Debug|Any CPU
		{E21022C2-3D8A-4D00-AD61-0C3BC1EC51FD}.Release|Any CPU.ActiveCfg = Release|Any CPU
		{E21022C2-3D8A-4D00-AD61-0C3BC1EC51FD}.Release|Any CPU.Build.0 = Release|Any CPU
		{E427C684-C0F5-4D7E-BD9A-D5B4076E195D}.Debug|Any CPU.ActiveCfg = Debug|Any CPU
		{E427C684-C0F5-4D7E-BD9A-D5B4076E195D}.Debug|Any CPU.Build.0 = Debug|Any CPU
		{E427C684-C0F5-4D7E-BD9A-D5B4076E195D}.Release|Any CPU.ActiveCfg = Release|Any CPU
		{E427C684-C0F5-4D7E-BD9A-D5B4076E195D}.Release|Any CPU.Build.0 = Release|Any CPU
	EndGlobalSection
	GlobalSection(SolutionProperties) = preSolution
		HideSolutionNode = FALSE
	EndGlobalSection
	GlobalSection(NestedProjects) = preSolution
		{295E7DDB-8DDE-49D1-9C26-B563C2979FCB} = {2EF6D783-3EC5-4323-BCA7-7F63F54EC9C9}
		{5156A9C7-8CC6-4660-8EBF-A46A012C9A46} = {2EF6D783-3EC5-4323-BCA7-7F63F54EC9C9}
		{6281CAA0-33C3-4C3C-92E2-2B1881E7874C} = {A5A3F71B-F675-45BA-BD1E-1C6DF0585CD6}
		{070D7BB9-1E70-42D6-8054-5BDA7CA0F988} = {C5ED5755-EBE5-4F8F-80B8-8F2315A2506E}
		{2EF6D783-3EC5-4323-BCA7-7F63F54EC9C9} = {E6288DE1-D3ED-4354-8D18-2D1E4358FC4E}
		{E21022C2-3D8A-4D00-AD61-0C3BC1EC51FD} = {D6241457-E216-49F6-BE1B-A06D3D7D2F8B}
		{E427C684-C0F5-4D7E-BD9A-D5B4076E195D} = {A5A3F71B-F675-45BA-BD1E-1C6DF0585CD6}
	EndGlobalSection
	GlobalSection(ExtensibilityGlobals) = postSolution
		SolutionGuid = {71FA4B6E-F4CB-4784-8580-BA3A091F3B2E}
	EndGlobalSection
EndGlobal
